
Microsoft Visual Studio Solution File, Format Version 12.00
# Visual Studio Version 16
VisualStudioVersion = 16.0.30523.141
MinimumVisualStudioVersion = 10.0.40219.1
Project("{FAE04EC0-301F-11D3-BF4B-00C04F79EFBC}") = "IdleGame", "IdleGame\IdleGame.csproj", "{77BA761A-41E8-4821-94B2-D47E042CFB67}"
EndProject
Global
	GlobalSection(SolutionConfigurationPlatforms) = preSolution
		Debug|Any CPU = Debug|Any CPU
		Release|Any CPU = Release|Any CPU
	EndGlobalSection
	GlobalSection(ProjectConfigurationPlatforms) = postSolution
		{77BA761A-41E8-4821-94B2-D47E042CFB67}.Debug|Any CPU.ActiveCfg = Debug|Any CPU
		{77BA761A-41E8-4821-94B2-D47E042CFB67}.Debug|Any CPU.Build.0 = Debug|Any CPU
		{77BA761A-41E8-4821-94B2-D47E042CFB67}.Release|Any CPU.ActiveCfg = Release|Any CPU
		{77BA761A-41E8-4821-94B2-D47E042CFB67}.Release|Any CPU.Build.0 = Release|Any CPU
	EndGlobalSection
	GlobalSection(SolutionProperties) = preSolution
		HideSolutionNode = FALSE
	EndGlobalSection
	GlobalSection(ExtensibilityGlobals) = postSolution
		SolutionGuid = {0A861549-216E-4EAF-BE31-47DAAAF0FCD3}
	EndGlobalSection
EndGlobal
